
Microsoft Visual Studio Solution File, Format Version 12.00
# Visual Studio Version 17
VisualStudioVersion = 17.3.32901.215
MinimumVisualStudioVersion = 10.0.40219.1
Project("{FAE04EC0-301F-11D3-BF4B-00C04F79EFBC}") = "Exercise3_008", "Exercise3_008\Exercise3_008.csproj", "{67529A2A-42A1-4EDF-B51E-633C1522642A}"
EndProject
Global
	GlobalSection(SolutionConfigurationPlatforms) = preSolution
		Debug|Any CPU = Debug|Any CPU
		Release|Any CPU = Release|Any CPU
	EndGlobalSection
	GlobalSection(ProjectConfigurationPlatforms) = postSolution
		{67529A2A-42A1-4EDF-B51E-633C1522642A}.Debug|Any CPU.ActiveCfg = Debug|Any CPU
		{67529A2A-42A1-4EDF-B51E-633C1522642A}.Debug|Any CPU.Build.0 = Debug|Any CPU
		{67529A2A-42A1-4EDF-B51E-633C1522642A}.Release|Any CPU.ActiveCfg = Release|Any CPU
		{67529A2A-42A1-4EDF-B51E-633C1522642A}.Release|Any CPU.Build.0 = Release|Any CPU
	EndGlobalSection
	GlobalSection(SolutionProperties) = preSolution
		HideSolutionNode = FALSE
	EndGlobalSection
	GlobalSection(ExtensibilityGlobals) = postSolution
		SolutionGuid = {0E40B56F-2DA7-43FE-A467-D0CBD1BE7E06}
	EndGlobalSection
EndGlobal
